
Microsoft Visual Studio Solution File, Format Version 12.00
# Visual Studio Version 16
VisualStudioVersion = 16.0.31410.357
MinimumVisualStudioVersion = 10.0.40219.1
Project("{F184B08F-C81C-45F6-A57F-5ABD9991F28F}") = "Movie Quiz", "Movie Quiz\Movie Quiz.vbproj", "{7EC5E1A6-4CFB-45A2-990B-B04059F50742}"
EndProject
Global
	GlobalSection(SolutionConfigurationPlatforms) = preSolution
		Debug|Any CPU = Debug|Any CPU
		Release|Any CPU = Release|Any CPU
	EndGlobalSection
	GlobalSection(ProjectConfigurationPlatforms) = postSolution
		{7EC5E1A6-4CFB-45A2-990B-B04059F50742}.Debug|Any CPU.ActiveCfg = Debug|Any CPU
		{7EC5E1A6-4CFB-45A2-990B-B04059F50742}.Debug|Any CPU.Build.0 = Debug|Any CPU
		{7EC5E1A6-4CFB-45A2-990B-B04059F50742}.Release|Any CPU.ActiveCfg = Release|Any CPU
		{7EC5E1A6-4CFB-45A2-990B-B04059F50742}.Release|Any CPU.Build.0 = Release|Any CPU
	EndGlobalSection
	GlobalSection(SolutionProperties) = preSolution
		HideSolutionNode = FALSE
	EndGlobalSection
	GlobalSection(ExtensibilityGlobals) = postSolution
		SolutionGuid = {13082D89-8AD3-4BD1-8BE1-BA90E93F2536}
	EndGlobalSection
EndGlobal
